// !$*UTF8*$!
{
	archiveVersion = 1;
	classes = {
	};
	objectVersion = 50;
	objects = {

/* Begin PBXBuildFile section */
		A6A334E723A6E29D00CA9FC7 /* main.c in Sources */ = {isa = PBXBuildFile; fileRef = A6A334E623A6E29D00CA9FC7 /* main.c */; };
		A6A334F623A6E85800CA9FC7 /* q3c_poly.c in Sources */ = {isa = PBXBuildFile; fileRef = A6A334F523A6E85800CA9FC7 /* q3c_poly.c */; };
		A6A334F823A6E8EC00CA9FC7 /* q3cube.c in Sources */ = {isa = PBXBuildFile; fileRef = A6A334F723A6E8EC00CA9FC7 /* q3cube.c */; };
/* End PBXBuildFile section */

/* Begin PBXCopyFilesBuildPhase section */
		A6A334E123A6E29D00CA9FC7 /* CopyFiles */ = {
			isa = PBXCopyFilesBuildPhase;
			buildActionMask = 2147483647;
			dstPath = /usr/share/man/man1/;
			dstSubfolderSpec = 0;
			files = (
			);
			runOnlyForDeploymentPostprocessing = 1;
		};
/* End PBXCopyFilesBuildPhase section */

/* Begin PBXFileReference section */
		A6A334E323A6E29D00CA9FC7 /* q3c_test */ = {isa = PBXFileReference; explicitFileType = "compiled.mach-o.executable"; includeInIndex = 0; path = q3c_test; sourceTree = BUILT_PRODUCTS_DIR; };
		A6A334E623A6E29D00CA9FC7 /* main.c */ = {isa = PBXFileReference; lastKnownFileType = sourcecode.c.c; path = main.c; sourceTree = "<group>"; };
		A6A334F323A6E85800CA9FC7 /* common.h */ = {isa = PBXFileReference; fileEncoding = 4; lastKnownFileType = sourcecode.c.h; path = common.h; sourceTree = "<group>"; };
		A6A334F423A6E85800CA9FC7 /* my_bits.h */ = {isa = PBXFileReference; fileEncoding = 4; lastKnownFileType = sourcecode.c.h; path = my_bits.h; sourceTree = "<group>"; };
		A6A334F523A6E85800CA9FC7 /* q3c_poly.c */ = {isa = PBXFileReference; fileEncoding = 4; lastKnownFileType = sourcecode.c.c; path = q3c_poly.c; sourceTree = "<group>"; };
		A6A334F723A6E8EC00CA9FC7 /* q3cube.c */ = {isa = PBXFileReference; fileEncoding = 4; lastKnownFileType = sourcecode.c.c; path = q3cube.c; sourceTree = "<group>"; };
/* End PBXFileReference section */

/* Begin PBXFrameworksBuildPhase section */
		A6A334E023A6E29D00CA9FC7 /* Frameworks */ = {
			isa = PBXFrameworksBuildPhase;
			buildActionMask = 2147483647;
			files = (
			);
			runOnlyForDeploymentPostprocessing = 0;
		};
/* End PBXFrameworksBuildPhase section */

/* Begin PBXGroup section */
		A6A334DA23A6E29D00CA9FC7 = {
			isa = PBXGroup;
			children = (
				A6A334E523A6E29D00CA9FC7 /* q3c_test */,
				A6A334ED23A6E2A900CA9FC7 /* q3c */,
				A6A334E423A6E29D00CA9FC7 /* Products */,
			);
			sourceTree = "<group>";
		};
		A6A334E423A6E29D00CA9FC7 /* Products */ = {
			isa = PBXGroup;
			children = (
				A6A334E323A6E29D00CA9FC7 /* q3c_test */,
			);
			name = Products;
			sourceTree = "<group>";
		};
		A6A334E523A6E29D00CA9FC7 /* q3c_test */ = {
			isa = PBXGroup;
			children = (
				A6A334E623A6E29D00CA9FC7 /* main.c */,
			);
			path = q3c_test;
			sourceTree = "<group>";
		};
		A6A334ED23A6E2A900CA9FC7 /* q3c */ = {
			isa = PBXGroup;
			children = (
				A6A334F323A6E85800CA9FC7 /* common.h */,
				A6A334F423A6E85800CA9FC7 /* my_bits.h */,
				A6A334F523A6E85800CA9FC7 /* q3c_poly.c */,
				A6A334F723A6E8EC00CA9FC7 /* q3cube.c */,
			);
			path = q3c;
			sourceTree = "<group>";
		};
/* End PBXGroup section */

/* Begin PBXNativeTarget section */
		A6A334E223A6E29D00CA9FC7 /* q3c_test */ = {
			isa = PBXNativeTarget;
			buildConfigurationList = A6A334EA23A6E29D00CA9FC7 /* Build configuration list for PBXNativeTarget "q3c_test" */;
			buildPhases = (
				A6A334DF23A6E29D00CA9FC7 /* Sources */,
				A6A334E023A6E29D00CA9FC7 /* Frameworks */,
				A6A334E123A6E29D00CA9FC7 /* CopyFiles */,
			);
			buildRules = (
			);
			dependencies = (
			);
			name = q3c_test;
			productName = q3c_test;
			productReference = A6A334E323A6E29D00CA9FC7 /* q3c_test */;
			productType = "com.apple.product-type.tool";
		};
/* End PBXNativeTarget section */

/* Begin PBXProject section */
		A6A334DB23A6E29D00CA9FC7 /* Project object */ = {
			isa = PBXProject;
			attributes = {
				LastUpgradeCheck = 1100;
				ORGANIZATIONNAME = "Demitri Muna";
				TargetAttributes = {
					A6A334E223A6E29D00CA9FC7 = {
						CreatedOnToolsVersion = 11.0;
					};
				};
			};
			buildConfigurationList = A6A334DE23A6E29D00CA9FC7 /* Build configuration list for PBXProject "q3c_test" */;
			compatibilityVersion = "Xcode 9.3";
			developmentRegion = en;
			hasScannedForEncodings = 0;
			knownRegions = (
				en,
				Base,
			);
			mainGroup = A6A334DA23A6E29D00CA9FC7;
			productRefGroup = A6A334E423A6E29D00CA9FC7 /* Products */;
			projectDirPath = "";
			projectRoot = "";
			targets = (
				A6A334E223A6E29D00CA9FC7 /* q3c_test */,
			);
		};
/* End PBXProject section */

/* Begin PBXSourcesBuildPhase section */
		A6A334DF23A6E29D00CA9FC7 /* Sources */ = {
			isa = PBXSourcesBuildPhase;
			buildActionMask = 2147483647;
			files = (
				A6A334E723A6E29D00CA9FC7 /* main.c in Sources */,
				A6A334F623A6E85800CA9FC7 /* q3c_poly.c in Sources */,
				A6A334F823A6E8EC00CA9FC7 /* q3cube.c in Sources */,
			);
			runOnlyForDeploymentPostprocessing = 0;
		};
/* End PBXSourcesBuildPhase section */

/* Begin XCBuildConfiguration section */
		A6A334E823A6E29D00CA9FC7 /* Debug */ = {
			isa = XCBuildConfiguration;
			buildSettings = {
				ALWAYS_SEARCH_USER_PATHS = NO;
				CLANG_ANALYZER_NONNULL = YES;
				CLANG_ANALYZER_NUMBER_OBJECT_CONVERSION = YES_AGGRESSIVE;
				CLANG_CXX_LANGUAGE_STANDARD = "gnu++14";
				CLANG_CXX_LIBRARY = "libc++";
				CLANG_ENABLE_MODULES = YES;
				CLANG_ENABLE_OBJC_ARC = YES;
				CLANG_ENABLE_OBJC_WEAK = YES;
				CLANG_WARN_BLOCK_CAPTURE_AUTORELEASING = YES;
				CLANG_WARN_BOOL_CONVERSION = YES;
				CLANG_WARN_COMMA = YES;
				CLANG_WARN_CONSTANT_CONVERSION = YES;
				CLANG_WARN_DEPRECATED_OBJC_IMPLEMENTATIONS = YES;
				CLANG_WARN_DIRECT_OBJC_ISA_USAGE = YES_ERROR;
				CLANG_WARN_DOCUMENTATION_COMMENTS = YES;
				CLANG_WARN_EMPTY_BODY = YES;
				CLANG_WARN_ENUM_CONVERSION = YES;
				CLANG_WARN_INFINITE_RECURSION = YES;
				CLANG_WARN_INT_CONVERSION = YES;
				CLANG_WARN_NON_LITERAL_NULL_CONVERSION = YES;
				CLANG_WARN_OBJC_IMPLICIT_RETAIN_SELF = YES;
				CLANG_WARN_OBJC_LITERAL_CONVERSION = YES;
				CLANG_WARN_OBJC_ROOT_CLASS = YES_ERROR;
				CLANG_WARN_RANGE_LOOP_ANALYSIS = YES;
				CLANG_WARN_STRICT_PROTOTYPES = YES;
				CLANG_WARN_SUSPICIOUS_MOVE = YES;
				CLANG_WARN_UNGUARDED_AVAILABILITY = YES_AGGRESSIVE;
				CLANG_WARN_UNREACHABLE_CODE = YES;
				CLANG_WARN__DUPLICATE_METHOD_MATCH = YES;
				COPY_PHASE_STRIP = NO;
				DEBUG_INFORMATION_FORMAT = dwarf;
				ENABLE_STRICT_OBJC_MSGSEND = YES;
				ENABLE_TESTABILITY = YES;
				GCC_C_LANGUAGE_STANDARD = gnu11;
				GCC_DYNAMIC_NO_PIC = NO;
				GCC_NO_COMMON_BLOCKS = YES;
				GCC_OPTIMIZATION_LEVEL = 0;
				GCC_PREPROCESSOR_DEFINITIONS = (
					"DEBUG=1",
					"$(inherited)",
				);
				GCC_WARN_64_TO_32_BIT_CONVERSION = YES;
				GCC_WARN_ABOUT_RETURN_TYPE = YES_ERROR;
				GCC_WARN_UNDECLARED_SELECTOR = YES;
				GCC_WARN_UNINITIALIZED_AUTOS = YES_AGGRESSIVE;
				GCC_WARN_UNUSED_FUNCTION = YES;
				GCC_WARN_UNUSED_VARIABLE = YES;
				MACOSX_DEPLOYMENT_TARGET = 10.14;
				MTL_ENABLE_DEBUG_INFO = INCLUDE_SOURCE;
				MTL_FAST_MATH = YES;
				ONLY_ACTIVE_ARCH = YES;
				SDKROOT = macosx;
			};
			name = Debug;
		};
		A6A334E923A6E29D00CA9FC7 /* Release */ = {
			isa = XCBuildConfiguration;
			buildSettings = {
				ALWAYS_SEARCH_USER_PATHS = NO;
				CLANG_ANALYZER_NONNULL = YES;
				CLANG_ANALYZER_NUMBER_OBJECT_CONVERSION = YES_AGGRESSIVE;
				CLANG_CXX_LANGUAGE_STANDARD = "gnu++14";
				CLANG_CXX_LIBRARY = "libc++";
				CLANG_ENABLE_MODULES = YES;
				CLANG_ENABLE_OBJC_ARC = YES;
				CLANG_ENABLE_OBJC_WEAK = YES;
				CLANG_WARN_BLOCK_CAPTURE_AUTORELEASING = YES;
				CLANG_WARN_BOOL_CONVERSION = YES;
				CLANG_WARN_COMMA = YES;
				CLANG_WARN_CONSTANT_CONVERSION = YES;
				CLANG_WARN_DEPRECATED_OBJC_IMPLEMENTATIONS = YES;
				CLANG_WARN_DIRECT_OBJC_ISA_USAGE = YES_ERROR;
				CLANG_WARN_DOCUMENTATION_COMMENTS = YES;
				CLANG_WARN_EMPTY_BODY = YES;
				CLANG_WARN_ENUM_CONVERSION = YES;
				CLANG_WARN_INFINITE_RECURSION = YES;
				CLANG_WARN_INT_CONVERSION = YES;
				CLANG_WARN_NON_LITERAL_NULL_CONVERSION = YES;
				CLANG_WARN_OBJC_IMPLICIT_RETAIN_SELF = YES;
				CLANG_WARN_OBJC_LITERAL_CONVERSION = YES;
				CLANG_WARN_OBJC_ROOT_CLASS = YES_ERROR;
				CLANG_WARN_RANGE_LOOP_ANALYSIS = YES;
				CLANG_WARN_STRICT_PROTOTYPES = YES;
				CLANG_WARN_SUSPICIOUS_MOVE = YES;
				CLANG_WARN_UNGUARDED_AVAILABILITY = YES_AGGRESSIVE;
				CLANG_WARN_UNREACHABLE_CODE = YES;
				CLANG_WARN__DUPLICATE_METHOD_MATCH = YES;
				COPY_PHASE_STRIP = NO;
				DEBUG_INFORMATION_FORMAT = "dwarf-with-dsym";
				ENABLE_NS_ASSERTIONS = NO;
				ENABLE_STRICT_OBJC_MSGSEND = YES;
				GCC_C_LANGUAGE_STANDARD = gnu11;
				GCC_NO_COMMON_BLOCKS = YES;
				GCC_WARN_64_TO_32_BIT_CONVERSION = YES;
				GCC_WARN_ABOUT_RETURN_TYPE = YES_ERROR;
				GCC_WARN_UNDECLARED_SELECTOR = YES;
				GCC_WARN_UNINITIALIZED_AUTOS = YES_AGGRESSIVE;
				GCC_WARN_UNUSED_FUNCTION = YES;
				GCC_WARN_UNUSED_VARIABLE = YES;
				MACOSX_DEPLOYMENT_TARGET = 10.14;
				MTL_ENABLE_DEBUG_INFO = NO;
				MTL_FAST_MATH = YES;
				SDKROOT = macosx;
			};
			name = Release;
		};
		A6A334EB23A6E29D00CA9FC7 /* Debug */ = {
			isa = XCBuildConfiguration;
			buildSettings = {
				CODE_SIGN_STYLE = Automatic;
				HEADER_SEARCH_PATHS = q3c;
				PRODUCT_NAME = "$(TARGET_NAME)";
			};
			name = Debug;
		};
		A6A334EC23A6E29D00CA9FC7 /* Release */ = {
			isa = XCBuildConfiguration;
			buildSettings = {
				CODE_SIGN_STYLE = Automatic;
				HEADER_SEARCH_PATHS = q3c;
				PRODUCT_NAME = "$(TARGET_NAME)";
			};
			name = Release;
		};
/* End XCBuildConfiguration section */

/* Begin XCConfigurationList section */
		A6A334DE23A6E29D00CA9FC7 /* Build configuration list for PBXProject "q3c_test" */ = {
			isa = XCConfigurationList;
			buildConfigurations = (
				A6A334E823A6E29D00CA9FC7 /* Debug */,
				A6A334E923A6E29D00CA9FC7 /* Release */,
			);
			defaultConfigurationIsVisible = 0;
			defaultConfigurationName = Release;
		};
		A6A334EA23A6E29D00CA9FC7 /* Build configuration list for PBXNativeTarget "q3c_test" */ = {
			isa = XCConfigurationList;
			buildConfigurations = (
				A6A334EB23A6E29D00CA9FC7 /* Debug */,
				A6A334EC23A6E29D00CA9FC7 /* Release */,
			);
			defaultConfigurationIsVisible = 0;
			defaultConfigurationName = Release;
		};
/* End XCConfigurationList section */
	};
	rootObject = A6A334DB23A6E29D00CA9FC7 /* Project object */;
}
